// !$*UTF8*$!
{
	archiveVersion = 1;
	classes = {
	};
	objectVersion = 50;
	objects = {

/* Begin PBXBuildFile section */
		CB7D3488247E6140006339C0 /* AppDelegate.swift in Sources */ = {isa = PBXBuildFile; fileRef = CB7D3487247E6140006339C0 /* AppDelegate.swift */; };
		CB7D348A247E6140006339C0 /* SceneDelegate.swift in Sources */ = {isa = PBXBuildFile; fileRef = CB7D3489247E6140006339C0 /* SceneDelegate.swift */; };
		CB7D348C247E6140006339C0 /* GenresViewController.swift in Sources */ = {isa = PBXBuildFile; fileRef = CB7D348B247E6140006339C0 /* GenresViewController.swift */; };
		CB7D348F247E6140006339C0 /* Main.storyboard in Resources */ = {isa = PBXBuildFile; fileRef = CB7D348D247E6140006339C0 /* Main.storyboard */; };
		CB7D3491247E6141006339C0 /* Assets.xcassets in Resources */ = {isa = PBXBuildFile; fileRef = CB7D3490247E6141006339C0 /* Assets.xcassets */; };
		CB7D3494247E6141006339C0 /* LaunchScreen.storyboard in Resources */ = {isa = PBXBuildFile; fileRef = CB7D3492247E6141006339C0 /* LaunchScreen.storyboard */; };
		CB7D34A4247E6601006339C0 /* Constants.swift in Sources */ = {isa = PBXBuildFile; fileRef = CB7D34A3247E6601006339C0 /* Constants.swift */; };
		CB7D34A6247E7901006339C0 /* FimGenderRequest.swift in Sources */ = {isa = PBXBuildFile; fileRef = CB7D34A5247E7901006339C0 /* FimGenderRequest.swift */; };
		CB7D34A8247E8DEB006339C0 /* Data.swift in Sources */ = {isa = PBXBuildFile; fileRef = CB7D34A7247E8DEB006339C0 /* Data.swift */; };
		CB7D34AA247E971D006339C0 /* RequestError.swift in Sources */ = {isa = PBXBuildFile; fileRef = CB7D34A9247E971D006339C0 /* RequestError.swift */; };
		CB8255B1247FF9950005713B /* MoviesViewController.swift in Sources */ = {isa = PBXBuildFile; fileRef = CB8255B0247FF9950005713B /* MoviesViewController.swift */; };
		CB8255B32480200B0005713B /* RequestType.swift in Sources */ = {isa = PBXBuildFile; fileRef = CB8255B22480200B0005713B /* RequestType.swift */; };
		CB8255B6248023650005713B /* MovieCell.swift in Sources */ = {isa = PBXBuildFile; fileRef = CB8255B4248023650005713B /* MovieCell.swift */; };
		CB8255B7248023650005713B /* MovieCell.xib in Resources */ = {isa = PBXBuildFile; fileRef = CB8255B5248023650005713B /* MovieCell.xib */; };
		CBC0CA6A248198DA00E7ECB0 /* UIViewController+setAlertVC.swift in Sources */ = {isa = PBXBuildFile; fileRef = CBC0CA69248198DA00E7ECB0 /* UIViewController+setAlertVC.swift */; };
/* End PBXBuildFile section */

/* Begin PBXFileReference section */
		CB7D3484247E6140006339C0 /* movieApp.app */ = {isa = PBXFileReference; explicitFileType = wrapper.application; includeInIndex = 0; path = movieApp.app; sourceTree = BUILT_PRODUCTS_DIR; };
		CB7D3487247E6140006339C0 /* AppDelegate.swift */ = {isa = PBXFileReference; lastKnownFileType = sourcecode.swift; path = AppDelegate.swift; sourceTree = "<group>"; };
		CB7D3489247E6140006339C0 /* SceneDelegate.swift */ = {isa = PBXFileReference; lastKnownFileType = sourcecode.swift; path = SceneDelegate.swift; sourceTree = "<group>"; };
		CB7D348B247E6140006339C0 /* GenresViewController.swift */ = {isa = PBXFileReference; lastKnownFileType = sourcecode.swift; path = GenresViewController.swift; sourceTree = "<group>"; };
		CB7D348E247E6140006339C0 /* Base */ = {isa = PBXFileReference; lastKnownFileType = file.storyboard; name = Base; path = Base.lproj/Main.storyboard; sourceTree = "<group>"; };
		CB7D3490247E6141006339C0 /* Assets.xcassets */ = {isa = PBXFileReference; lastKnownFileType = folder.assetcatalog; path = Assets.xcassets; sourceTree = "<group>"; };
		CB7D3493247E6141006339C0 /* Base */ = {isa = PBXFileReference; lastKnownFileType = file.storyboard; name = Base; path = Base.lproj/LaunchScreen.storyboard; sourceTree = "<group>"; };
		CB7D3495247E6141006339C0 /* Info.plist */ = {isa = PBXFileReference; lastKnownFileType = text.plist.xml; path = Info.plist; sourceTree = "<group>"; };
		CB7D34A3247E6601006339C0 /* Constants.swift */ = {isa = PBXFileReference; lastKnownFileType = sourcecode.swift; path = Constants.swift; sourceTree = "<group>"; };
		CB7D34A5247E7901006339C0 /* FimGenderRequest.swift */ = {isa = PBXFileReference; lastKnownFileType = sourcecode.swift; path = FimGenderRequest.swift; sourceTree = "<group>"; };
		CB7D34A7247E8DEB006339C0 /* Data.swift */ = {isa = PBXFileReference; lastKnownFileType = sourcecode.swift; path = Data.swift; sourceTree = "<group>"; };
		CB7D34A9247E971D006339C0 /* RequestError.swift */ = {isa = PBXFileReference; lastKnownFileType = sourcecode.swift; path = RequestError.swift; sourceTree = "<group>"; };
		CB8255B0247FF9950005713B /* MoviesViewController.swift */ = {isa = PBXFileReference; lastKnownFileType = sourcecode.swift; path = MoviesViewController.swift; sourceTree = "<group>"; };
		CB8255B22480200B0005713B /* RequestType.swift */ = {isa = PBXFileReference; lastKnownFileType = sourcecode.swift; path = RequestType.swift; sourceTree = "<group>"; };
		CB8255B4248023650005713B /* MovieCell.swift */ = {isa = PBXFileReference; lastKnownFileType = sourcecode.swift; path = MovieCell.swift; sourceTree = "<group>"; };
		CB8255B5248023650005713B /* MovieCell.xib */ = {isa = PBXFileReference; lastKnownFileType = file.xib; path = MovieCell.xib; sourceTree = "<group>"; };
		CBC0CA69248198DA00E7ECB0 /* UIViewController+setAlertVC.swift */ = {isa = PBXFileReference; fileEncoding = 4; lastKnownFileType = sourcecode.swift; path = "UIViewController+setAlertVC.swift"; sourceTree = "<group>"; };
/* End PBXFileReference section */

/* Begin PBXFrameworksBuildPhase section */
		CB7D3481247E6140006339C0 /* Frameworks */ = {
			isa = PBXFrameworksBuildPhase;
			buildActionMask = 2147483647;
			files = (
			);
			runOnlyForDeploymentPostprocessing = 0;
		};
/* End PBXFrameworksBuildPhase section */

/* Begin PBXGroup section */
		CB7D347B247E6140006339C0 = {
			isa = PBXGroup;
			children = (
				CB7D3486247E6140006339C0 /* movieApp */,
				CB7D3485247E6140006339C0 /* Products */,
			);
			sourceTree = "<group>";
		};
		CB7D3485247E6140006339C0 /* Products */ = {
			isa = PBXGroup;
			children = (
				CB7D3484247E6140006339C0 /* movieApp.app */,
			);
			name = Products;
			sourceTree = "<group>";
		};
		CB7D3486247E6140006339C0 /* movieApp */ = {
			isa = PBXGroup;
			children = (
				CB7D34A2247E65EC006339C0 /* Model */,
				CB7D349D247E620F006339C0 /* View */,
				CB7D349B247E6208006339C0 /* Controller */,
				CB7D3487247E6140006339C0 /* AppDelegate.swift */,
				CB7D3489247E6140006339C0 /* SceneDelegate.swift */,
				CB7D3490247E6141006339C0 /* Assets.xcassets */,
				CB7D3492247E6141006339C0 /* LaunchScreen.storyboard */,
				CB7D3495247E6141006339C0 /* Info.plist */,
			);
			path = movieApp;
			sourceTree = "<group>";
		};
		CB7D349B247E6208006339C0 /* Controller */ = {
			isa = PBXGroup;
			children = (
				CB7D348B247E6140006339C0 /* GenresViewController.swift */,
				CB8255B0247FF9950005713B /* MoviesViewController.swift */,
				CBC0CA69248198DA00E7ECB0 /* UIViewController+setAlertVC.swift */,
			);
			path = Controller;
			sourceTree = "<group>";
		};
		CB7D349D247E620F006339C0 /* View */ = {
			isa = PBXGroup;
			children = (
				CB7D348D247E6140006339C0 /* Main.storyboard */,
				CB8255B4248023650005713B /* MovieCell.swift */,
				CB8255B5248023650005713B /* MovieCell.xib */,
			);
			path = View;
			sourceTree = "<group>";
		};
		CB7D34A2247E65EC006339C0 /* Model */ = {
			isa = PBXGroup;
			children = (
				CB7D34A3247E6601006339C0 /* Constants.swift */,
				CB7D34A5247E7901006339C0 /* FimGenderRequest.swift */,
				CB7D34A7247E8DEB006339C0 /* Data.swift */,
				CB7D34A9247E971D006339C0 /* RequestError.swift */,
				CB8255B22480200B0005713B /* RequestType.swift */,
			);
			path = Model;
			sourceTree = "<group>";
		};
/* End PBXGroup section */

/* Begin PBXNativeTarget section */
		CB7D3483247E6140006339C0 /* movieApp */ = {
			isa = PBXNativeTarget;
			buildConfigurationList = CB7D3498247E6141006339C0 /* Build configuration list for PBXNativeTarget "movieApp" */;
			buildPhases = (
				CB7D3480247E6140006339C0 /* Sources */,
				CB7D3481247E6140006339C0 /* Frameworks */,
				CB7D3482247E6140006339C0 /* Resources */,
			);
			buildRules = (
			);
			dependencies = (
			);
			name = movieApp;
			productName = movieApp;
			productReference = CB7D3484247E6140006339C0 /* movieApp.app */;
			productType = "com.apple.product-type.application";
		};
/* End PBXNativeTarget section */

/* Begin PBXProject section */
		CB7D347C247E6140006339C0 /* Project object */ = {
			isa = PBXProject;
			attributes = {
				LastSwiftUpdateCheck = 1130;
				LastUpgradeCheck = 1130;
				ORGANIZATIONNAME = "Merouane Bellaha";
				TargetAttributes = {
					CB7D3483247E6140006339C0 = {
						CreatedOnToolsVersion = 11.3;
					};
				};
			};
			buildConfigurationList = CB7D347F247E6140006339C0 /* Build configuration list for PBXProject "movieApp" */;
			compatibilityVersion = "Xcode 9.3";
			developmentRegion = en;
			hasScannedForEncodings = 0;
			knownRegions = (
				en,
				Base,
			);
			mainGroup = CB7D347B247E6140006339C0;
			productRefGroup = CB7D3485247E6140006339C0 /* Products */;
			projectDirPath = "";
			projectRoot = "";
			targets = (
				CB7D3483247E6140006339C0 /* movieApp */,
			);
		};
/* End PBXProject section */

/* Begin PBXResourcesBuildPhase section */
		CB7D3482247E6140006339C0 /* Resources */ = {
			isa = PBXResourcesBuildPhase;
			buildActionMask = 2147483647;
			files = (
				CB7D3494247E6141006339C0 /* LaunchScreen.storyboard in Resources */,
				CB7D3491247E6141006339C0 /* Assets.xcassets in Resources */,
				CB8255B7248023650005713B /* MovieCell.xib in Resources */,
				CB7D348F247E6140006339C0 /* Main.storyboard in Resources */,
			);
			runOnlyForDeploymentPostprocessing = 0;
		};
/* End PBXResourcesBuildPhase section */

/* Begin PBXSourcesBuildPhase section */
		CB7D3480247E6140006339C0 /* Sources */ = {
			isa = PBXSourcesBuildPhase;
			buildActionMask = 2147483647;
			files = (
				CB7D34AA247E971D006339C0 /* RequestError.swift in Sources */,
				CBC0CA6A248198DA00E7ECB0 /* UIViewController+setAlertVC.swift in Sources */,
				CB7D348C247E6140006339C0 /* GenresViewController.swift in Sources */,
				CB7D3488247E6140006339C0 /* AppDelegate.swift in Sources */,
				CB7D348A247E6140006339C0 /* SceneDelegate.swift in Sources */,
				CB7D34A8247E8DEB006339C0 /* Data.swift in Sources */,
				CB7D34A6247E7901006339C0 /* FimGenderRequest.swift in Sources */,
				CB7D34A4247E6601006339C0 /* Constants.swift in Sources */,
				CB8255B1247FF9950005713B /* MoviesViewController.swift in Sources */,
				CB8255B6248023650005713B /* MovieCell.swift in Sources */,
				CB8255B32480200B0005713B /* RequestType.swift in Sources */,
			);
			runOnlyForDeploymentPostprocessing = 0;
		};
/* End PBXSourcesBuildPhase section */

/* Begin PBXVariantGroup section */
		CB7D348D247E6140006339C0 /* Main.storyboard */ = {
			isa = PBXVariantGroup;
			children = (
				CB7D348E247E6140006339C0 /* Base */,
			);
			name = Main.storyboard;
			sourceTree = "<group>";
		};
		CB7D3492247E6141006339C0 /* LaunchScreen.storyboard */ = {
			isa = PBXVariantGroup;
			children = (
				CB7D3493247E6141006339C0 /* Base */,
			);
			name = LaunchScreen.storyboard;
			sourceTree = "<group>";
		};
/* End PBXVariantGroup section */

/* Begin XCBuildConfiguration section */
		CB7D3496247E6141006339C0 /* Debug */ = {
			isa = XCBuildConfiguration;
			buildSettings = {
				ALWAYS_SEARCH_USER_PATHS = NO;
				CLANG_ANALYZER_NONNULL = YES;
				CLANG_ANALYZER_NUMBER_OBJECT_CONVERSION = YES_AGGRESSIVE;
				CLANG_CXX_LANGUAGE_STANDARD = "gnu++14";
				CLANG_CXX_LIBRARY = "libc++";
				CLANG_ENABLE_MODULES = YES;
				CLANG_ENABLE_OBJC_ARC = YES;
				CLANG_ENABLE_OBJC_WEAK = YES;
				CLANG_WARN_BLOCK_CAPTURE_AUTORELEASING = YES;
				CLANG_WARN_BOOL_CONVERSION = YES;
				CLANG_WARN_COMMA = YES;
				CLANG_WARN_CONSTANT_CONVERSION = YES;
				CLANG_WARN_DEPRECATED_OBJC_IMPLEMENTATIONS = YES;
				CLANG_WARN_DIRECT_OBJC_ISA_USAGE = YES_ERROR;
				CLANG_WARN_DOCUMENTATION_COMMENTS = YES;
				CLANG_WARN_EMPTY_BODY = YES;
				CLANG_WARN_ENUM_CONVERSION = YES;
				CLANG_WARN_INFINITE_RECURSION = YES;
				CLANG_WARN_INT_CONVERSION = YES;
				CLANG_WARN_NON_LITERAL_NULL_CONVERSION = YES;
				CLANG_WARN_OBJC_IMPLICIT_RETAIN_SELF = YES;
				CLANG_WARN_OBJC_LITERAL_CONVERSION = YES;
				CLANG_WARN_OBJC_ROOT_CLASS = YES_ERROR;
				CLANG_WARN_RANGE_LOOP_ANALYSIS = YES;
				CLANG_WARN_STRICT_PROTOTYPES = YES;
				CLANG_WARN_SUSPICIOUS_MOVE = YES;
				CLANG_WARN_UNGUARDED_AVAILABILITY = YES_AGGRESSIVE;
				CLANG_WARN_UNREACHABLE_CODE = YES;
				CLANG_WARN__DUPLICATE_METHOD_MATCH = YES;
				COPY_PHASE_STRIP = NO;
				DEBUG_INFORMATION_FORMAT = dwarf;
				ENABLE_STRICT_OBJC_MSGSEND = YES;
				ENABLE_TESTABILITY = YES;
				GCC_C_LANGUAGE_STANDARD = gnu11;
				GCC_DYNAMIC_NO_PIC = NO;
				GCC_NO_COMMON_BLOCKS = YES;
				GCC_OPTIMIZATION_LEVEL = 0;
				GCC_PREPROCESSOR_DEFINITIONS = (
					"DEBUG=1",
					"$(inherited)",
				);
				GCC_WARN_64_TO_32_BIT_CONVERSION = YES;
				GCC_WARN_ABOUT_RETURN_TYPE = YES_ERROR;
				GCC_WARN_UNDECLARED_SELECTOR = YES;
				GCC_WARN_UNINITIALIZED_AUTOS = YES_AGGRESSIVE;
				GCC_WARN_UNUSED_FUNCTION = YES;
				GCC_WARN_UNUSED_VARIABLE = YES;
				IPHONEOS_DEPLOYMENT_TARGET = 13.2;
				MTL_ENABLE_DEBUG_INFO = INCLUDE_SOURCE;
				MTL_FAST_MATH = YES;
				ONLY_ACTIVE_ARCH = YES;
				SDKROOT = iphoneos;
				SWIFT_ACTIVE_COMPILATION_CONDITIONS = DEBUG;
				SWIFT_OPTIMIZATION_LEVEL = "-Onone";
			};
			name = Debug;
		};
		CB7D3497247E6141006339C0 /* Release */ = {
			isa = XCBuildConfiguration;
			buildSettings = {
				ALWAYS_SEARCH_USER_PATHS = NO;
				CLANG_ANALYZER_NONNULL = YES;
				CLANG_ANALYZER_NUMBER_OBJECT_CONVERSION = YES_AGGRESSIVE;
				CLANG_CXX_LANGUAGE_STANDARD = "gnu++14";
				CLANG_CXX_LIBRARY = "libc++";
				CLANG_ENABLE_MODULES = YES;
				CLANG_ENABLE_OBJC_ARC = YES;
				CLANG_ENABLE_OBJC_WEAK = YES;
				CLANG_WARN_BLOCK_CAPTURE_AUTORELEASING = YES;
				CLANG_WARN_BOOL_CONVERSION = YES;
				CLANG_WARN_COMMA = YES;
				CLANG_WARN_CONSTANT_CONVERSION = YES;
				CLANG_WARN_DEPRECATED_OBJC_IMPLEMENTATIONS = YES;
				CLANG_WARN_DIRECT_OBJC_ISA_USAGE = YES_ERROR;
				CLANG_WARN_DOCUMENTATION_COMMENTS = YES;
				CLANG_WARN_EMPTY_BODY = YES;
				CLANG_WARN_ENUM_CONVERSION = YES;
				CLANG_WARN_INFINITE_RECURSION = YES;
				CLANG_WARN_INT_CONVERSION = YES;
				CLANG_WARN_NON_LITERAL_NULL_CONVERSION = YES;
				CLANG_WARN_OBJC_IMPLICIT_RETAIN_SELF = YES;
				CLANG_WARN_OBJC_LITERAL_CONVERSION = YES;
				CLANG_WARN_OBJC_ROOT_CLASS = YES_ERROR;
				CLANG_WARN_RANGE_LOOP_ANALYSIS = YES;
				CLANG_WARN_STRICT_PROTOTYPES = YES;
				CLANG_WARN_SUSPICIOUS_MOVE = YES;
				CLANG_WARN_UNGUARDED_AVAILABILITY = YES_AGGRESSIVE;
				CLANG_WARN_UNREACHABLE_CODE = YES;
				CLANG_WARN__DUPLICATE_METHOD_MATCH = YES;
				COPY_PHASE_STRIP = NO;
				DEBUG_INFORMATION_FORMAT = "dwarf-with-dsym";
				ENABLE_NS_ASSERTIONS = NO;
				ENABLE_STRICT_OBJC_MSGSEND = YES;
				GCC_C_LANGUAGE_STANDARD = gnu11;
				GCC_NO_COMMON_BLOCKS = YES;
				GCC_WARN_64_TO_32_BIT_CONVERSION = YES;
				GCC_WARN_ABOUT_RETURN_TYPE = YES_ERROR;
				GCC_WARN_UNDECLARED_SELECTOR = YES;
				GCC_WARN_UNINITIALIZED_AUTOS = YES_AGGRESSIVE;
				GCC_WARN_UNUSED_FUNCTION = YES;
				GCC_WARN_UNUSED_VARIABLE = YES;
				IPHONEOS_DEPLOYMENT_TARGET = 13.2;
				MTL_ENABLE_DEBUG_INFO = NO;
				MTL_FAST_MATH = YES;
				SDKROOT = iphoneos;
				SWIFT_COMPILATION_MODE = wholemodule;
				SWIFT_OPTIMIZATION_LEVEL = "-O";
				VALIDATE_PRODUCT = YES;
			};
			name = Release;
		};
		CB7D3499247E6141006339C0 /* Debug */ = {
			isa = XCBuildConfiguration;
			buildSettings = {
				ASSETCATALOG_COMPILER_APPICON_NAME = AppIcon;
				CODE_SIGN_STYLE = Automatic;
				DEVELOPMENT_TEAM = K8M973GY56;
				INFOPLIST_FILE = movieApp/Info.plist;
				LD_RUNPATH_SEARCH_PATHS = (
					"$(inherited)",
					"@executable_path/Frameworks",
				);
				PRODUCT_BUNDLE_IDENTIFIER = com.merouanebellaha.movieApp;
				PRODUCT_NAME = "$(TARGET_NAME)";
				SWIFT_VERSION = 5.0;
				TARGETED_DEVICE_FAMILY = "1,2";
			};
			name = Debug;
		};
		CB7D349A247E6141006339C0 /* Release */ = {
			isa = XCBuildConfiguration;
			buildSettings = {
				ASSETCATALOG_COMPILER_APPICON_NAME = AppIcon;
				CODE_SIGN_STYLE = Automatic;
				DEVELOPMENT_TEAM = K8M973GY56;
				INFOPLIST_FILE = movieApp/Info.plist;
				LD_RUNPATH_SEARCH_PATHS = (
					"$(inherited)",
					"@executable_path/Frameworks",
				);
				PRODUCT_BUNDLE_IDENTIFIER = com.merouanebellaha.movieApp;
				PRODUCT_NAME = "$(TARGET_NAME)";
				SWIFT_VERSION = 5.0;
				TARGETED_DEVICE_FAMILY = "1,2";
			};
			name = Release;
		};
/* End XCBuildConfiguration section */

/* Begin XCConfigurationList section */
		CB7D347F247E6140006339C0 /* Build configuration list for PBXProject "movieApp" */ = {
			isa = XCConfigurationList;
			buildConfigurations = (
				CB7D3496247E6141006339C0 /* Debug */,
				CB7D3497247E6141006339C0 /* Release */,
			);
			defaultConfigurationIsVisible = 0;
			defaultConfigurationName = Release;
		};
		CB7D3498247E6141006339C0 /* Build configuration list for PBXNativeTarget "movieApp" */ = {
			isa = XCConfigurationList;
			buildConfigurations = (
				CB7D3499247E6141006339C0 /* Debug */,
				CB7D349A247E6141006339C0 /* Release */,
			);
			defaultConfigurationIsVisible = 0;
			defaultConfigurationName = Release;
		};
/* End XCConfigurationList section */
	};
	rootObject = CB7D347C247E6140006339C0 /* Project object */;
}
